
Microsoft Visual Studio Solution File, Format Version 12.00
# Visual Studio Version 17
VisualStudioVersion = 17.14.37012.4 d17.14
MinimumVisualStudioVersion = 10.0.40219.1
Project("{FAE04EC0-301F-11D3-BF4B-00C04F79EFBC}") = "TeacherWorkplace", "TeacherWorkplace.csproj", "{558DE5C0-AC7D-02CC-B6AD-EDD85F1F94AF}"
EndProject
Global
	GlobalSection(SolutionConfigurationPlatforms) = preSolution
		Debug|Any CPU = Debug|Any CPU
		Release|Any CPU = Release|Any CPU
	EndGlobalSection
	GlobalSection(ProjectConfigurationPlatforms) = postSolution
		{558DE5C0-AC7D-02CC-B6AD-EDD85F1F94AF}.Debug|Any CPU.ActiveCfg = Debug|Any CPU
		{558DE5C0-AC7D-02CC-B6AD-EDD85F1F94AF}.Debug|Any CPU.Build.0 = Debug|Any CPU
		{558DE5C0-AC7D-02CC-B6AD-EDD85F1F94AF}.Release|Any CPU.ActiveCfg = Release|Any CPU
		{558DE5C0-AC7D-02CC-B6AD-EDD85F1F94AF}.Release|Any CPU.Build.0 = Release|Any CPU
	EndGlobalSection
	GlobalSection(SolutionProperties) = preSolution
		HideSolutionNode = FALSE
	EndGlobalSection
	GlobalSection(ExtensibilityGlobals) = postSolution
		SolutionGuid = {D090E023-A0EF-4990-ABE4-B3E26A7C8570}
	EndGlobalSection
EndGlobal
